// !$*UTF8*$!
{
	archiveVersion = 1;
	classes = {
	};
	objectVersion = 46;
	objects = {

/* Begin PBXBuildFile section */
		F444D0DA1A74E0030073D332 /* main.m in Sources */ = {isa = PBXBuildFile; fileRef = F444D0D91A74E0030073D332 /* main.m */; };
		F444D0DD1A74E0030073D332 /* AppDelegate.m in Sources */ = {isa = PBXBuildFile; fileRef = F444D0DC1A74E0030073D332 /* AppDelegate.m */; };
		F444D0E01A74E0030073D332 /* ViewController.m in Sources */ = {isa = PBXBuildFile; fileRef = F444D0DF1A74E0030073D332 /* ViewController.m */; };
		F444D0E31A74E0030073D332 /* Main.storyboard in Resources */ = {isa = PBXBuildFile; fileRef = F444D0E11A74E0030073D332 /* Main.storyboard */; };
		F444D0E81A74E0030073D332 /* LaunchScreen.xib in Resources */ = {isa = PBXBuildFile; fileRef = F444D0E61A74E0030073D332 /* LaunchScreen.xib */; };
		F444D0F41A74E0030073D332 /* imageViewTests.m in Sources */ = {isa = PBXBuildFile; fileRef = F444D0F31A74E0030073D332 /* imageViewTests.m */; };
		F466105E1A74F5D400909CC3 /* Images.xcassets in Resources */ = {isa = PBXBuildFile; fileRef = F466105D1A74F5D400909CC3 /* Images.xcassets */; };
/* End PBXBuildFile section */

/* Begin PBXContainerItemProxy section */
		F444D0EE1A74E0030073D332 /* PBXContainerItemProxy */ = {
			isa = PBXContainerItemProxy;
			containerPortal = F444D0CC1A74E0030073D332 /* Project object */;
			proxyType = 1;
			remoteGlobalIDString = F444D0D31A74E0030073D332;
			remoteInfo = imageView;
		};
/* End PBXContainerItemProxy section */

/* Begin PBXFileReference section */
		F40813131A74E71A00149026 /* MyPlayground.playground */ = {isa = PBXFileReference; lastKnownFileType = file.playground; path = MyPlayground.playground; sourceTree = "<group>"; };
		F444D0D41A74E0030073D332 /* imageView.app */ = {isa = PBXFileReference; explicitFileType = wrapper.application; includeInIndex = 0; path = imageView.app; sourceTree = BUILT_PRODUCTS_DIR; };
		F444D0D81A74E0030073D332 /* Info.plist */ = {isa = PBXFileReference; lastKnownFileType = text.plist.xml; path = Info.plist; sourceTree = "<group>"; };
		F444D0D91A74E0030073D332 /* main.m */ = {isa = PBXFileReference; lastKnownFileType = sourcecode.c.objc; path = main.m; sourceTree = "<group>"; };
		F444D0DB1A74E0030073D332 /* AppDelegate.h */ = {isa = PBXFileReference; lastKnownFileType = sourcecode.c.h; path = AppDelegate.h; sourceTree = "<group>"; };
		F444D0DC1A74E0030073D332 /* AppDelegate.m */ = {isa = PBXFileReference; lastKnownFileType = sourcecode.c.objc; path = AppDelegate.m; sourceTree = "<group>"; };
		F444D0DE1A74E0030073D332 /* ViewController.h */ = {isa = PBXFileReference; lastKnownFileType = sourcecode.c.h; path = ViewController.h; sourceTree = "<group>"; };
		F444D0DF1A74E0030073D332 /* ViewController.m */ = {isa = PBXFileReference; lastKnownFileType = sourcecode.c.objc; path = ViewController.m; sourceTree = "<group>"; };
		F444D0E21A74E0030073D332 /* Base */ = {isa = PBXFileReference; lastKnownFileType = file.storyboard; name = Base; path = Base.lproj/Main.storyboard; sourceTree = "<group>"; };
		F444D0E71A74E0030073D332 /* Base */ = {isa = PBXFileReference; lastKnownFileType = file.xib; name = Base; path = Base.lproj/LaunchScreen.xib; sourceTree = "<group>"; };
		F444D0ED1A74E0030073D332 /* imageViewTests.xctest */ = {isa = PBXFileReference; explicitFileType = wrapper.cfbundle; includeInIndex = 0; path = imageViewTests.xctest; sourceTree = BUILT_PRODUCTS_DIR; };
		F444D0F21A74E0030073D332 /* Info.plist */ = {isa = PBXFileReference; lastKnownFileType = text.plist.xml; path = Info.plist; sourceTree = "<group>"; };
		F444D0F31A74E0030073D332 /* imageViewTests.m */ = {isa = PBXFileReference; lastKnownFileType = sourcecode.c.objc; path = imageViewTests.m; sourceTree = "<group>"; };
		F466105D1A74F5D400909CC3 /* Images.xcassets */ = {isa = PBXFileReference; lastKnownFileType = folder.assetcatalog; name = Images.xcassets; path = imageView/Images.xcassets; sourceTree = "<group>"; };
/* End PBXFileReference section */

/* Begin PBXFrameworksBuildPhase section */
		F444D0D11A74E0030073D332 /* Frameworks */ = {
			isa = PBXFrameworksBuildPhase;
			buildActionMask = 2147483647;
			files = (
			);
			runOnlyForDeploymentPostprocessing = 0;
		};
		F444D0EA1A74E0030073D332 /* Frameworks */ = {
			isa = PBXFrameworksBuildPhase;
			buildActionMask = 2147483647;
			files = (
			);
			runOnlyForDeploymentPostprocessing = 0;
		};
/* End PBXFrameworksBuildPhase section */

/* Begin PBXGroup section */
		F444D0CB1A74E0030073D332 = {
			isa = PBXGroup;
			children = (
				F466105D1A74F5D400909CC3 /* Images.xcassets */,
				F444D0D61A74E0030073D332 /* imageView */,
				F444D0F01A74E0030073D332 /* imageViewTests */,
				F444D0D51A74E0030073D332 /* Products */,
			);
			sourceTree = "<group>";
		};
		F444D0D51A74E0030073D332 /* Products */ = {
			isa = PBXGroup;
			children = (
				F444D0D41A74E0030073D332 /* imageView.app */,
				F444D0ED1A74E0030073D332 /* imageViewTests.xctest */,
			);
			name = Products;
			sourceTree = "<group>";
		};
		F444D0D61A74E0030073D332 /* imageView */ = {
			isa = PBXGroup;
			children = (
				F444D0DB1A74E0030073D332 /* AppDelegate.h */,
				F444D0DC1A74E0030073D332 /* AppDelegate.m */,
				F444D0DE1A74E0030073D332 /* ViewController.h */,
				F444D0DF1A74E0030073D332 /* ViewController.m */,
				F444D0E11A74E0030073D332 /* Main.storyboard */,
				F444D0E61A74E0030073D332 /* LaunchScreen.xib */,
				F444D0D71A74E0030073D332 /* Supporting Files */,
				F40813131A74E71A00149026 /* MyPlayground.playground */,
			);
			path = imageView;
			sourceTree = "<group>";
		};
		F444D0D71A74E0030073D332 /* Supporting Files */ = {
			isa = PBXGroup;
			children = (
				F444D0D81A74E0030073D332 /* Info.plist */,
				F444D0D91A74E0030073D332 /* main.m */,
			);
			name = "Supporting Files";
			sourceTree = "<group>";
		};
		F444D0F01A74E0030073D332 /* imageViewTests */ = {
			isa = PBXGroup;
			children = (
				F444D0F31A74E0030073D332 /* imageViewTests.m */,
				F444D0F11A74E0030073D332 /* Supporting Files */,
			);
			path = imageViewTests;
			sourceTree = "<group>";
		};
		F444D0F11A74E0030073D332 /* Supporting Files */ = {
			isa = PBXGroup;
			children = (
				F444D0F21A74E0030073D332 /* Info.plist */,
			);
			name = "Supporting Files";
			sourceTree = "<group>";
		};
/* End PBXGroup section */

/* Begin PBXNativeTarget section */
		F444D0D31A74E0030073D332 /* imageView */ = {
			isa = PBXNativeTarget;
			buildConfigurationList = F444D0F71A74E0030073D332 /* Build configuration list for PBXNativeTarget "imageView" */;
			buildPhases = (
				F444D0D01A74E0030073D332 /* Sources */,
				F444D0D11A74E0030073D332 /* Frameworks */,
				F444D0D21A74E0030073D332 /* Resources */,
			);
			buildRules = (
			);
			dependencies = (
			);
			name = imageView;
			productName = imageView;
			productReference = F444D0D41A74E0030073D332 /* imageView.app */;
			productType = "com.apple.product-type.application";
		};
		F444D0EC1A74E0030073D332 /* imageViewTests */ = {
			isa = PBXNativeTarget;
			buildConfigurationList = F444D0FA1A74E0030073D332 /* Build configuration list for PBXNativeTarget "imageViewTests" */;
			buildPhases = (
				F444D0E91A74E0030073D332 /* Sources */,
				F444D0EA1A74E0030073D332 /* Frameworks */,
				F444D0EB1A74E0030073D332 /* Resources */,
			);
			buildRules = (
			);
			dependencies = (
				F444D0EF1A74E0030073D332 /* PBXTargetDependency */,
			);
			name = imageViewTests;
			productName = imageViewTests;
			productReference = F444D0ED1A74E0030073D332 /* imageViewTests.xctest */;
			productType = "com.apple.product-type.bundle.unit-test";
		};
/* End PBXNativeTarget section */

/* Begin PBXProject section */
		F444D0CC1A74E0030073D332 /* Project object */ = {
			isa = PBXProject;
			attributes = {
				LastUpgradeCheck = 0610;
				ORGANIZATIONNAME = "guangzhou zdnst coltd";
				TargetAttributes = {
					F444D0D31A74E0030073D332 = {
						CreatedOnToolsVersion = 6.1.1;
					};
					F444D0EC1A74E0030073D332 = {
						CreatedOnToolsVersion = 6.1.1;
						TestTargetID = F444D0D31A74E0030073D332;
					};
				};
			};
			buildConfigurationList = F444D0CF1A74E0030073D332 /* Build configuration list for PBXProject "imageView" */;
			compatibilityVersion = "Xcode 3.2";
			developmentRegion = English;
			hasScannedForEncodings = 0;
			knownRegions = (
				en,
				Base,
			);
			mainGroup = F444D0CB1A74E0030073D332;
			productRefGroup = F444D0D51A74E0030073D332 /* Products */;
			projectDirPath = "";
			projectRoot = "";
			targets = (
				F444D0D31A74E0030073D332 /* imageView */,
				F444D0EC1A74E0030073D332 /* imageViewTests */,
			);
		};
/* End PBXProject section */

/* Begin PBXResourcesBuildPhase section */
		F444D0D21A74E0030073D332 /* Resources */ = {
			isa = PBXResourcesBuildPhase;
			buildActionMask = 2147483647;
			files = (
				F466105E1A74F5D400909CC3 /* Images.xcassets in Resources */,
				F444D0E31A74E0030073D332 /* Main.storyboard in Resources */,
				F444D0E81A74E0030073D332 /* LaunchScreen.xib in Resources */,
			);
			runOnlyForDeploymentPostprocessing = 0;
		};
		F444D0EB1A74E0030073D332 /* Resources */ = {
			isa = PBXResourcesBuildPhase;
			buildActionMask = 2147483647;
			files = (
			);
			runOnlyForDeploymentPostprocessing = 0;
		};
/* End PBXResourcesBuildPhase section */

/* Begin PBXSourcesBuildPhase section */
		F444D0D01A74E0030073D332 /* Sources */ = {
			isa = PBXSourcesBuildPhase;
			buildActionMask = 2147483647;
			files = (
				F444D0E01A74E0030073D332 /* ViewController.m in Sources */,
				F444D0DD1A74E0030073D332 /* AppDelegate.m in Sources */,
				F444D0DA1A74E0030073D332 /* main.m in Sources */,
			);
			runOnlyForDeploymentPostprocessing = 0;
		};
		F444D0E91A74E0030073D332 /* Sources */ = {
			isa = PBXSourcesBuildPhase;
			buildActionMask = 2147483647;
			files = (
				F444D0F41A74E0030073D332 /* imageViewTests.m in Sources */,
			);
			runOnlyForDeploymentPostprocessing = 0;
		};
/* End PBXSourcesBuildPhase section */

/* Begin PBXTargetDependency section */
		F444D0EF1A74E0030073D332 /* PBXTargetDependency */ = {
			isa = PBXTargetDependency;
			target = F444D0D31A74E0030073D332 /* imageView */;
			targetProxy = F444D0EE1A74E0030073D332 /* PBXContainerItemProxy */;
		};
/* End PBXTargetDependency section */

/* Begin PBXVariantGroup section */
		F444D0E11A74E0030073D332 /* Main.storyboard */ = {
			isa = PBXVariantGroup;
			children = (
				F444D0E21A74E0030073D332 /* Base */,
			);
			name = Main.storyboard;
			sourceTree = "<group>";
		};
		F444D0E61A74E0030073D332 /* LaunchScreen.xib */ = {
			isa = PBXVariantGroup;
			children = (
				F444D0E71A74E0030073D332 /* Base */,
			);
			name = LaunchScreen.xib;
			sourceTree = "<group>";
		};
/* End PBXVariantGroup section */

/* Begin XCBuildConfiguration section */
		F444D0F51A74E0030073D332 /* Debug */ = {
			isa = XCBuildConfiguration;
			buildSettings = {
				ALWAYS_SEARCH_USER_PATHS = NO;
				CLANG_CXX_LANGUAGE_STANDARD = "gnu++0x";
				CLANG_CXX_LIBRARY = "libc++";
				CLANG_ENABLE_MODULES = YES;
				CLANG_ENABLE_OBJC_ARC = YES;
				CLANG_WARN_BOOL_CONVERSION = YES;
				CLANG_WARN_CONSTANT_CONVERSION = YES;
				CLANG_WARN_DIRECT_OBJC_ISA_USAGE = YES_ERROR;
				CLANG_WARN_EMPTY_BODY = YES;
				CLANG_WARN_ENUM_CONVERSION = YES;
				CLANG_WARN_INT_CONVERSION = YES;
				CLANG_WARN_OBJC_ROOT_CLASS = YES_ERROR;
				CLANG_WARN_UNREACHABLE_CODE = YES;
				CLANG_WARN__DUPLICATE_METHOD_MATCH = YES;
				"CODE_SIGN_IDENTITY[sdk=iphoneos*]" = "iPhone Developer";
				COPY_PHASE_STRIP = NO;
				ENABLE_STRICT_OBJC_MSGSEND = YES;
				GCC_C_LANGUAGE_STANDARD = gnu99;
				GCC_DYNAMIC_NO_PIC = NO;
				GCC_OPTIMIZATION_LEVEL = 0;
				GCC_PREPROCESSOR_DEFINITIONS = (
					"DEBUG=1",
					"$(inherited)",
				);
				GCC_SYMBOLS_PRIVATE_EXTERN = NO;
				GCC_WARN_64_TO_32_BIT_CONVERSION = YES;
				GCC_WARN_ABOUT_RETURN_TYPE = YES_ERROR;
				GCC_WARN_UNDECLARED_SELECTOR = YES;
				GCC_WARN_UNINITIALIZED_AUTOS = YES_AGGRESSIVE;
				GCC_WARN_UNUSED_FUNCTION = YES;
				GCC_WARN_UNUSED_VARIABLE = YES;
				IPHONEOS_DEPLOYMENT_TARGET = 8.1;
				MTL_ENABLE_DEBUG_INFO = YES;
				ONLY_ACTIVE_ARCH = YES;
				SDKROOT = iphoneos;
			};
			name = Debug;
		};
		F444D0F61A74E0030073D332 /* Release */ = {
			isa = XCBuildConfiguration;
			buildSettings = {
				ALWAYS_SEARCH_USER_PATHS = NO;
				CLANG_CXX_LANGUAGE_STANDARD = "gnu++0x";
				CLANG_CXX_LIBRARY = "libc++";
				CLANG_ENABLE_MODULES = YES;
				CLANG_ENABLE_OBJC_ARC = YES;
				CLANG_WARN_BOOL_CONVERSION = YES;
				CLANG_WARN_CONSTANT_CONVERSION = YES;
				CLANG_WARN_DIRECT_OBJC_ISA_USAGE = YES_ERROR;
				CLANG_WARN_EMPTY_BODY = YES;
				CLANG_WARN_ENUM_CONVERSION = YES;
				CLANG_WARN_INT_CONVERSION = YES;
				CLANG_WARN_OBJC_ROOT_CLASS = YES_ERROR;
				CLANG_WARN_UNREACHABLE_CODE = YES;
				CLANG_WARN__DUPLICATE_METHOD_MATCH = YES;
				"CODE_SIGN_IDENTITY[sdk=iphoneos*]" = "iPhone Developer";
				COPY_PHASE_STRIP = YES;
				ENABLE_NS_ASSERTIONS = NO;
				ENABLE_STRICT_OBJC_MSGSEND = YES;
				GCC_C_LANGUAGE_STANDARD = gnu99;
				GCC_WARN_64_TO_32_BIT_CONVERSION = YES;
				GCC_WARN_ABOUT_RETURN_TYPE = YES_ERROR;
				GCC_WARN_UNDECLARED_SELECTOR = YES;
				GCC_WARN_UNINITIALIZED_AUTOS = YES_AGGRESSIVE;
				GCC_WARN_UNUSED_FUNCTION = YES;
				GCC_WARN_UNUSED_VARIABLE = YES;
				IPHONEOS_DEPLOYMENT_TARGET = 8.1;
				MTL_ENABLE_DEBUG_INFO = NO;
				SDKROOT = iphoneos;
				VALIDATE_PRODUCT = YES;
			};
			name = Release;
		};
		F444D0F81A74E0030073D332 /* Debug */ = {
			isa = XCBuildConfiguration;
			buildSettings = {
				ASSETCATALOG_COMPILER_APPICON_NAME = AppIcon;
				INFOPLIST_FILE = imageView/Info.plist;
				LD_RUNPATH_SEARCH_PATHS = "$(inherited) @executable_path/Frameworks";
				PRODUCT_NAME = "$(TARGET_NAME)";
			};
			name = Debug;
		};
		F444D0F91A74E0030073D332 /* Release */ = {
			isa = XCBuildConfiguration;
			buildSettings = {
				ASSETCATALOG_COMPILER_APPICON_NAME = AppIcon;
				INFOPLIST_FILE = imageView/Info.plist;
				LD_RUNPATH_SEARCH_PATHS = "$(inherited) @executable_path/Frameworks";
				PRODUCT_NAME = "$(TARGET_NAME)";
			};
			name = Release;
		};
		F444D0FB1A74E0030073D332 /* Debug */ = {
			isa = XCBuildConfiguration;
			buildSettings = {
				BUNDLE_LOADER = "$(TEST_HOST)";
				FRAMEWORK_SEARCH_PATHS = (
					"$(SDKROOT)/Developer/Library/Frameworks",
					"$(inherited)",
				);
				GCC_PREPROCESSOR_DEFINITIONS = (
					"DEBUG=1",
					"$(inherited)",
				);
				INFOPLIST_FILE = imageViewTests/Info.plist;
				LD_RUNPATH_SEARCH_PATHS = "$(inherited) @executable_path/Frameworks @loader_path/Frameworks";
				PRODUCT_NAME = "$(TARGET_NAME)";
				TEST_HOST = "$(BUILT_PRODUCTS_DIR)/imageView.app/imageView";
			};
			name = Debug;
		};
		F444D0FC1A74E0030073D332 /* Release */ = {
			isa = XCBuildConfiguration;
			buildSettings = {
				BUNDLE_LOADER = "$(TEST_HOST)";
				FRAMEWORK_SEARCH_PATHS = (
					"$(SDKROOT)/Developer/Library/Frameworks",
					"$(inherited)",
				);
				INFOPLIST_FILE = imageViewTests/Info.plist;
				LD_RUNPATH_SEARCH_PATHS = "$(inherited) @executable_path/Frameworks @loader_path/Frameworks";
				PRODUCT_NAME = "$(TARGET_NAME)";
				TEST_HOST = "$(BUILT_PRODUCTS_DIR)/imageView.app/imageView";
			};
			name = Release;
		};
/* End XCBuildConfiguration section */

/* Begin XCConfigurationList section */
		F444D0CF1A74E0030073D332 /* Build configuration list for PBXProject "imageView" */ = {
			isa = XCConfigurationList;
			buildConfigurations = (
				F444D0F51A74E0030073D332 /* Debug */,
				F444D0F61A74E0030073D332 /* Release */,
			);
			defaultConfigurationIsVisible = 0;
			defaultConfigurationName = Release;
		};
		F444D0F71A74E0030073D332 /* Build configuration list for PBXNativeTarget "imageView" */ = {
			isa = XCConfigurationList;
			buildConfigurations = (
				F444D0F81A74E0030073D332 /* Debug */,
				F444D0F91A74E0030073D332 /* Release */,
			);
			defaultConfigurationIsVisible = 0;
			defaultConfigurationName = Release;
		};
		F444D0FA1A74E0030073D332 /* Build configuration list for PBXNativeTarget "imageViewTests" */ = {
			isa = XCConfigurationList;
			buildConfigurations = (
				F444D0FB1A74E0030073D332 /* Debug */,
				F444D0FC1A74E0030073D332 /* Release */,
			);
			defaultConfigurationIsVisible = 0;
			defaultConfigurationName = Release;
		};
/* End XCConfigurationList section */
	};
	rootObject = F444D0CC1A74E0030073D332 /* Project object */;
}
